
Microsoft Visual Studio Solution File, Format Version 12.00
# Visual Studio Version 17
VisualStudioVersion = 17.8.34330.188
MinimumVisualStudioVersion = 10.0.40219.1
Project("{FAE04EC0-301F-11D3-BF4B-00C04F79EFBC}") = "KnowledgeZone.Web", "KnowledgeZone.Web\KnowledgeZone.Web.csproj", "{74723F8D-5B05-4DAF-94B6-C47A4FB30B56}"
EndProject
Global
	GlobalSection(SolutionConfigurationPlatforms) = preSolution
		Debug|Any CPU = Debug|Any CPU
		Release|Any CPU = Release|Any CPU
	EndGlobalSection
	GlobalSection(ProjectConfigurationPlatforms) = postSolution
		{74723F8D-5B05-4DAF-94B6-C47A4FB30B56}.Debug|Any CPU.ActiveCfg = Debug|Any CPU
		{74723F8D-5B05-4DAF-94B6-C47A4FB30B56}.Debug|Any CPU.Build.0 = Debug|Any CPU
		{74723F8D-5B05-4DAF-94B6-C47A4FB30B56}.Release|Any CPU.ActiveCfg = Release|Any CPU
		{74723F8D-5B05-4DAF-94B6-C47A4FB30B56}.Release|Any CPU.Build.0 = Release|Any CPU
	EndGlobalSection
	GlobalSection(SolutionProperties) = preSolution
		HideSolutionNode = FALSE
	EndGlobalSection
	GlobalSection(ExtensibilityGlobals) = postSolution
		SolutionGuid = {2DBE7017-B6A3-4316-BEEC-DED54972DD7E}
	EndGlobalSection
EndGlobal
